
Microsoft Visual Studio Solution File, Format Version 12.00
# Visual Studio Version 17
VisualStudioVersion = 17.10.34928.147
MinimumVisualStudioVersion = 10.0.40219.1
Project("{FAE04EC0-301F-11D3-BF4B-00C04F79EFBC}") = "WindowsFormsApp1", "WindowsFormsApp1\WindowsFormsApp1.csproj", "{021A559E-C945-4B91-842C-6EED620A1B2E}"
EndProject
Global
	GlobalSection(SolutionConfigurationPlatforms) = preSolution
		Debug|Any CPU = Debug|Any CPU
		Release|Any CPU = Release|Any CPU
	EndGlobalSection
	GlobalSection(ProjectConfigurationPlatforms) = postSolution
		{021A559E-C945-4B91-842C-6EED620A1B2E}.Debug|Any CPU.ActiveCfg = Debug|Any CPU
		{021A559E-C945-4B91-842C-6EED620A1B2E}.Debug|Any CPU.Build.0 = Debug|Any CPU
		{021A559E-C945-4B91-842C-6EED620A1B2E}.Release|Any CPU.ActiveCfg = Release|Any CPU
		{021A559E-C945-4B91-842C-6EED620A1B2E}.Release|Any CPU.Build.0 = Release|Any CPU
	EndGlobalSection
	GlobalSection(SolutionProperties) = preSolution
		HideSolutionNode = FALSE
	EndGlobalSection
	GlobalSection(ExtensibilityGlobals) = postSolution
		SolutionGuid = {5EA99EB7-5791-4275-B1DE-059EB127D17A}
	EndGlobalSection
EndGlobal
